
Microsoft Visual Studio Solution File, Format Version 12.00
# Visual Studio Version 17
VisualStudioVersion = 17.0.31903.59
MinimumVisualStudioVersion = 10.0.40219.1
Project("{FAE04EC0-301F-11D3-BF4B-00C04F79EFBC}") = "TwoSum", "TwoSum\TwoSum.csproj", "{12511C70-22A2-4F83-97AA-56B00F6EF1E2}"
EndProject
Project("{FAE04EC0-301F-11D3-BF4B-00C04F79EFBC}") = "TwoSum.Tests", "TwoSum.Tests\TwoSum.Tests.csproj", "{717B5458-019F-4CC1-ACC8-76A77745DF23}"
EndProject
Global
	GlobalSection(SolutionConfigurationPlatforms) = preSolution
		Debug|Any CPU = Debug|Any CPU
		Release|Any CPU = Release|Any CPU
	EndGlobalSection
	GlobalSection(SolutionProperties) = preSolution
		HideSolutionNode = FALSE
	EndGlobalSection
	GlobalSection(ProjectConfigurationPlatforms) = postSolution
		{12511C70-22A2-4F83-97AA-56B00F6EF1E2}.Debug|Any CPU.ActiveCfg = Debug|Any CPU
		{12511C70-22A2-4F83-97AA-56B00F6EF1E2}.Debug|Any CPU.Build.0 = Debug|Any CPU
		{12511C70-22A2-4F83-97AA-56B00F6EF1E2}.Release|Any CPU.ActiveCfg = Release|Any CPU
		{12511C70-22A2-4F83-97AA-56B00F6EF1E2}.Release|Any CPU.Build.0 = Release|Any CPU
		{717B5458-019F-4CC1-ACC8-76A77745DF23}.Debug|Any CPU.ActiveCfg = Debug|Any CPU
		{717B5458-019F-4CC1-ACC8-76A77745DF23}.Debug|Any CPU.Build.0 = Debug|Any CPU
		{717B5458-019F-4CC1-ACC8-76A77745DF23}.Release|Any CPU.ActiveCfg = Release|Any CPU
		{717B5458-019F-4CC1-ACC8-76A77745DF23}.Release|Any CPU.Build.0 = Release|Any CPU
	EndGlobalSection
EndGlobal
